{
  "name": "sca-nested-dependency",
  "version": "1.0.0",
  "lockfileVersion": 3,
  "requires": true,
  "packages": {
    "": {
      "name": "sca-nested-dependency",
      "version": "1.0.0",
      "dependencies": {
        "@fixture/nested-helper": "file:./nested-helper",
        "popular-dep": "1.0.0"
      }
    },
    "node_modules/@fixture/nested-helper": {
      "resolved": "nested-helper",
      "link": true
    },
    "node_modules/popular-dep": { "version": "1.0.0" },
    "node_modules/tiny-obscure-helper": { "version": "1.0.0" },
    "node_modules/tiny-obscure-tool": { "version": "1.0.0", "dev": true }
  }
}
