{
  "name": "unsupported-dependency",
  "version": "1.0.0",
  "lockfileVersion": 3,
  "requires": true,
  "packages": {
    "": {
      "name": "unsupported-dependency",
      "version": "1.0.0",
      "dependencies": { "helper": "file:../shared/helper" }
    },
    "node_modules/helper": { "resolved": "../shared/helper", "link": true }
  }
}
