{
  "name": "invalid-lock-sca",
  "version": "1.0.0",
  "lockfileVersion": 3,
  "requires": true,
  "packages": {
    "": {
      "name": "invalid-lock-sca",
      "version": "1.0.0",
      "devDependencies": {
        "typescript": "^5.6.0"
      }
    },
    "node_modules/typescript": {
      "version": "5.6.3",
      "resolved": "https://registry.npmjs.org/typescript/-/typescript-5.6.3.tgz",
      "dev": true
    }
  }
}
